// !$*UTF8*$!
{
	archiveVersion = 1;
	classes = {
	};
	objectVersion = 55;
	objects = {

/* Begin PBXBuildFile section */
		AA00F007294D52EA00049EC0 /* Assets.xcassets in Resources */ = {isa = PBXBuildFile; fileRef = AAE2694027E1C00600483891 /* Assets.xcassets */; };
		AA08107528623BC7003B4EC9 /* CloudKit.framework in Frameworks */ = {isa = PBXBuildFile; fileRef = AA08107428623BC7003B4EC9 /* CloudKit.framework */; };
		AA0D55F728CE22200091D330 /* ReviewHandler.swift in Sources */ = {isa = PBXBuildFile; fileRef = AA0D55F628CE22200091D330 /* ReviewHandler.swift */; };
		AA2C24A1281E74510071AB2A /* ChartCombine.swift in Sources */ = {isa = PBXBuildFile; fileRef = AA2C24A0281E74510071AB2A /* ChartCombine.swift */; };
		AA2C24A3281E9D520071AB2A /* FilterBar.swift in Sources */ = {isa = PBXBuildFile; fileRef = AA2C24A2281E9D520071AB2A /* FilterBar.swift */; };
		AA3C167028510BAB00ACAB96 /* Archery_ScorerUITests.swift in Sources */ = {isa = PBXBuildFile; fileRef = AA3C166F28510BAB00ACAB96 /* Archery_ScorerUITests.swift */; };
		AA3C167228510BAB00ACAB96 /* Archery_ScorerUITestsLaunchTests.swift in Sources */ = {isa = PBXBuildFile; fileRef = AA3C167128510BAB00ACAB96 /* Archery_ScorerUITestsLaunchTests.swift */; };
		AA510DF32874621600803926 /* UUIDToStringUUIDPolicy.swift in Sources */ = {isa = PBXBuildFile; fileRef = AA510DF22874621600803926 /* UUIDToStringUUIDPolicy.swift */; };
		AA510E062875956100803926 /* InfoPlist.strings in Resources */ = {isa = PBXBuildFile; fileRef = AA510E082875956100803926 /* InfoPlist.strings */; };
		AA510E132875F32500803926 /* MappingModel.xcmappingmodel in Sources */ = {isa = PBXBuildFile; fileRef = AA510E122875F32500803926 /* MappingModel.xcmappingmodel */; };
		AA5BC22E27E329D700C268F3 /* RecordView.swift in Sources */ = {isa = PBXBuildFile; fileRef = AA5BC22D27E329D700C268F3 /* RecordView.swift */; };
		AA5BC23027E3A6B400C268F3 /* TargetBoard.swift in Sources */ = {isa = PBXBuildFile; fileRef = AA5BC22F27E3A6B400C268F3 /* TargetBoard.swift */; };
		AA65E78627EB290D00347BB6 /* MyClassAndObject.swift in Sources */ = {isa = PBXBuildFile; fileRef = AA65E78527EB290D00347BB6 /* MyClassAndObject.swift */; };
		AA687B0B27F463AA00865805 /* StatisticsView.swift in Sources */ = {isa = PBXBuildFile; fileRef = AA687B0A27F463AA00865805 /* StatisticsView.swift */; };
		AA732DAA28A00389006B7D4C /* WelcomeView.swift in Sources */ = {isa = PBXBuildFile; fileRef = AA732DA928A00389006B7D4C /* WelcomeView.swift */; };
		AA96D44E2879F0B9007BE443 /* ExportPopUp.swift in Sources */ = {isa = PBXBuildFile; fileRef = AA96D44D2879F0B9007BE443 /* ExportPopUp.swift */; };
		AA9855D327E8D1E500EC4A22 /* Persistence.swift in Sources */ = {isa = PBXBuildFile; fileRef = AA9855D227E8D1E500EC4A22 /* Persistence.swift */; };
		AA9855D827E8EB0300EC4A22 /* Round+CoreDataClass.swift in Sources */ = {isa = PBXBuildFile; fileRef = AA9855D427E8EB0300EC4A22 /* Round+CoreDataClass.swift */; };
		AA9855D927E8EB0300EC4A22 /* Round+CoreDataProperties.swift in Sources */ = {isa = PBXBuildFile; fileRef = AA9855D527E8EB0300EC4A22 /* Round+CoreDataProperties.swift */; };
		AA9855DA27E8EB0300EC4A22 /* Game+CoreDataClass.swift in Sources */ = {isa = PBXBuildFile; fileRef = AA9855D627E8EB0300EC4A22 /* Game+CoreDataClass.swift */; };
		AA9855DB27E8EB0300EC4A22 /* Game+CoreDataProperties.swift in Sources */ = {isa = PBXBuildFile; fileRef = AA9855D727E8EB0300EC4A22 /* Game+CoreDataProperties.swift */; };
		AA9855DD27E8F12E00EC4A22 /* DataController.swift in Sources */ = {isa = PBXBuildFile; fileRef = AA9855DC27E8F12E00EC4A22 /* DataController.swift */; };
		AAC5DC68287A0B3E0022A559 /* ActivityView.swift in Sources */ = {isa = PBXBuildFile; fileRef = AAC5DC67287A0B3E0022A559 /* ActivityView.swift */; };
		AAD0C0A1294CD83B0016F8C3 /* WidgetKit.framework in Frameworks */ = {isa = PBXBuildFile; fileRef = AAD0C0A0294CD83B0016F8C3 /* WidgetKit.framework */; };
		AAD0C0A3294CD83B0016F8C3 /* SwiftUI.framework in Frameworks */ = {isa = PBXBuildFile; fileRef = AAD0C0A2294CD83B0016F8C3 /* SwiftUI.framework */; };
		AAD0C0A6294CD83B0016F8C3 /* ArcheryWidgetBundle.swift in Sources */ = {isa = PBXBuildFile; fileRef = AAD0C0A5294CD83B0016F8C3 /* ArcheryWidgetBundle.swift */; };
		AAD0C0AA294CD83B0016F8C3 /* ArcheryWidget.swift in Sources */ = {isa = PBXBuildFile; fileRef = AAD0C0A9294CD83B0016F8C3 /* ArcheryWidget.swift */; };
		AAD0C0AC294CD83F0016F8C3 /* Assets.xcassets in Resources */ = {isa = PBXBuildFile; fileRef = AAD0C0AB294CD83F0016F8C3 /* Assets.xcassets */; };
		AAD0C0B0294CD83F0016F8C3 /* ArcheryWidgetExtension.appex in Embed Foundation Extensions */ = {isa = PBXBuildFile; fileRef = AAD0C09F294CD83B0016F8C3 /* ArcheryWidgetExtension.appex */; settings = {ATTRIBUTES = (RemoveHeadersOnCopy, ); }; };
		AAE0A13A27E202700084B04B /* ListOfRecord.swift in Sources */ = {isa = PBXBuildFile; fileRef = AAE0A13927E202700084B04B /* ListOfRecord.swift */; };
		AAE0A13E27E228CA0084B04B /* Localizable.strings in Resources */ = {isa = PBXBuildFile; fileRef = AAE0A14027E228CA0084B04B /* Localizable.strings */; };
		AAE0A14327E232AE0084B04B /* AddView.swift in Sources */ = {isa = PBXBuildFile; fileRef = AAE0A14227E232AE0084B04B /* AddView.swift */; };
		AAE2693D27E1C00500483891 /* Archery_ScorerApp.swift in Sources */ = {isa = PBXBuildFile; fileRef = AAE2693C27E1C00500483891 /* Archery_ScorerApp.swift */; };
		AAE2694127E1C00600483891 /* Assets.xcassets in Resources */ = {isa = PBXBuildFile; fileRef = AAE2694027E1C00600483891 /* Assets.xcassets */; };
		AAE2694427E1C00600483891 /* Preview Assets.xcassets in Resources */ = {isa = PBXBuildFile; fileRef = AAE2694327E1C00600483891 /* Preview Assets.xcassets */; };
		AAE2694927E1C00600483891 /* Archery_Scorer.xcdatamodeld in Sources */ = {isa = PBXBuildFile; fileRef = AAE2694727E1C00600483891 /* Archery_Scorer.xcdatamodeld */; };
		AAE2695127E1C1E800483891 /* HomeView.swift in Sources */ = {isa = PBXBuildFile; fileRef = AAE2695027E1C1E800483891 /* HomeView.swift */; };
		AAE2695427E1C34600483891 /* BottomBar.swift in Sources */ = {isa = PBXBuildFile; fileRef = AAE2695327E1C34600483891 /* BottomBar.swift */; };
		AAE2695627E1C97000483891 /* AppCalendar.swift in Sources */ = {isa = PBXBuildFile; fileRef = AAE2695527E1C97000483891 /* AppCalendar.swift */; };
		AAE32C742950BBC800855104 /* Localizable.strings in Resources */ = {isa = PBXBuildFile; fileRef = AAE0A14027E228CA0084B04B /* Localizable.strings */; };
		AAE32C752950BD5B00855104 /* ArcheryWidgetLiveActivity.swift in Sources */ = {isa = PBXBuildFile; fileRef = AAD0C0A7294CD83B0016F8C3 /* ArcheryWidgetLiveActivity.swift */; };
		AAE32C762950BD7F00855104 /* ArcheryWidgetLiveActivity.swift in Sources */ = {isa = PBXBuildFile; fileRef = AAD0C0A7294CD83B0016F8C3 /* ArcheryWidgetLiveActivity.swift */; };
		AAEACE6027E5D0C800B9A0B3 /* ContentView.swift in Sources */ = {isa = PBXBuildFile; fileRef = AAEACE5F27E5D0C800B9A0B3 /* ContentView.swift */; };
		AAEACE6227E71A8F00B9A0B3 /* ScoreBoard.swift in Sources */ = {isa = PBXBuildFile; fileRef = AAEACE6127E71A8F00B9A0B3 /* ScoreBoard.swift */; };
		AAEACE6427E71CE500B9A0B3 /* ScoreBoard2.swift in Sources */ = {isa = PBXBuildFile; fileRef = AAEACE6327E71CE500B9A0B3 /* ScoreBoard2.swift */; };
		AAEACE6627E77E7200B9A0B3 /* ReviewRecordView.swift in Sources */ = {isa = PBXBuildFile; fileRef = AAEACE6527E77E7200B9A0B3 /* ReviewRecordView.swift */; };
		AAEEC8BE27EC8E070062DDBB /* BarChart.swift in Sources */ = {isa = PBXBuildFile; fileRef = AAEEC8BD27EC8E070062DDBB /* BarChart.swift */; };
		AAEEC8C027EDCA410062DDBB /* LineChart.swift in Sources */ = {isa = PBXBuildFile; fileRef = AAEEC8BF27EDCA410062DDBB /* LineChart.swift */; };
/* End PBXBuildFile section */

/* Begin PBXContainerItemProxy section */
		AA3C167328510BAB00ACAB96 /* PBXContainerItemProxy */ = {
			isa = PBXContainerItemProxy;
			containerPortal = AAE2693127E1C00500483891 /* Project object */;
			proxyType = 1;
			remoteGlobalIDString = AAE2693827E1C00500483891;
			remoteInfo = "Archery Scorer";
		};
		AAD0C0AE294CD83F0016F8C3 /* PBXContainerItemProxy */ = {
			isa = PBXContainerItemProxy;
			containerPortal = AAE2693127E1C00500483891 /* Project object */;
			proxyType = 1;
			remoteGlobalIDString = AAD0C09E294CD83B0016F8C3;
			remoteInfo = ArcheryWidgetExtension;
		};
/* End PBXContainerItemProxy section */

/* Begin PBXCopyFilesBuildPhase section */
		AAD0C0B1294CD83F0016F8C3 /* Embed Foundation Extensions */ = {
			isa = PBXCopyFilesBuildPhase;
			buildActionMask = 2147483647;
			dstPath = "";
			dstSubfolderSpec = 13;
			files = (
				AAD0C0B0294CD83F0016F8C3 /* ArcheryWidgetExtension.appex in Embed Foundation Extensions */,
			);
			name = "Embed Foundation Extensions";
			runOnlyForDeploymentPostprocessing = 0;
		};
/* End PBXCopyFilesBuildPhase section */

/* Begin PBXFileReference section */
		AA08107428623BC7003B4EC9 /* CloudKit.framework */ = {isa = PBXFileReference; lastKnownFileType = wrapper.framework; name = CloudKit.framework; path = System/Library/Frameworks/CloudKit.framework; sourceTree = SDKROOT; };
		AA0D55F628CE22200091D330 /* ReviewHandler.swift */ = {isa = PBXFileReference; lastKnownFileType = sourcecode.swift; path = ReviewHandler.swift; sourceTree = "<group>"; };
		AA2C24A0281E74510071AB2A /* ChartCombine.swift */ = {isa = PBXFileReference; lastKnownFileType = sourcecode.swift; path = ChartCombine.swift; sourceTree = "<group>"; };
		AA2C24A2281E9D520071AB2A /* FilterBar.swift */ = {isa = PBXFileReference; lastKnownFileType = sourcecode.swift; path = FilterBar.swift; sourceTree = "<group>"; };
		AA3C166D28510BAB00ACAB96 /* Archery ScorerUITests.xctest */ = {isa = PBXFileReference; explicitFileType = wrapper.cfbundle; includeInIndex = 0; path = "Archery ScorerUITests.xctest"; sourceTree = BUILT_PRODUCTS_DIR; };
		AA3C166F28510BAB00ACAB96 /* Archery_ScorerUITests.swift */ = {isa = PBXFileReference; lastKnownFileType = sourcecode.swift; path = Archery_ScorerUITests.swift; sourceTree = "<group>"; };
		AA3C167128510BAB00ACAB96 /* Archery_ScorerUITestsLaunchTests.swift */ = {isa = PBXFileReference; lastKnownFileType = sourcecode.swift; path = Archery_ScorerUITestsLaunchTests.swift; sourceTree = "<group>"; };
		AA510DEF2874426500803926 /* Archery_Scorer 2.xcdatamodel */ = {isa = PBXFileReference; lastKnownFileType = wrapper.xcdatamodel; path = "Archery_Scorer 2.xcdatamodel"; sourceTree = "<group>"; };
		AA510DF22874621600803926 /* UUIDToStringUUIDPolicy.swift */ = {isa = PBXFileReference; lastKnownFileType = sourcecode.swift; path = UUIDToStringUUIDPolicy.swift; sourceTree = "<group>"; };
		AA510E022875948C00803926 /* Archery-Scorer-Info.plist */ = {isa = PBXFileReference; fileEncoding = 4; lastKnownFileType = text.plist.xml; path = "Archery-Scorer-Info.plist"; sourceTree = "<group>"; };
		AA510E072875956100803926 /* en */ = {isa = PBXFileReference; lastKnownFileType = text.plist.strings; name = en; path = en.lproj/InfoPlist.strings; sourceTree = "<group>"; };
		AA510E092875956200803926 /* zh-HK */ = {isa = PBXFileReference; lastKnownFileType = text.plist.strings; name = "zh-HK"; path = "zh-HK.lproj/InfoPlist.strings"; sourceTree = "<group>"; };
		AA510E122875F32500803926 /* MappingModel.xcmappingmodel */ = {isa = PBXFileReference; lastKnownFileType = wrapper.xcmappingmodel; path = MappingModel.xcmappingmodel; sourceTree = "<group>"; };
		AA5BC22D27E329D700C268F3 /* RecordView.swift */ = {isa = PBXFileReference; lastKnownFileType = sourcecode.swift; path = RecordView.swift; sourceTree = "<group>"; };
		AA5BC22F27E3A6B400C268F3 /* TargetBoard.swift */ = {isa = PBXFileReference; lastKnownFileType = sourcecode.swift; path = TargetBoard.swift; sourceTree = "<group>"; };
		AA65E78527EB290D00347BB6 /* MyClassAndObject.swift */ = {isa = PBXFileReference; lastKnownFileType = sourcecode.swift; path = MyClassAndObject.swift; sourceTree = "<group>"; };
		AA687B0A27F463AA00865805 /* StatisticsView.swift */ = {isa = PBXFileReference; lastKnownFileType = sourcecode.swift; path = StatisticsView.swift; sourceTree = "<group>"; };
		AA732DA928A00389006B7D4C /* WelcomeView.swift */ = {isa = PBXFileReference; lastKnownFileType = sourcecode.swift; path = WelcomeView.swift; sourceTree = "<group>"; };
		AA96D44D2879F0B9007BE443 /* ExportPopUp.swift */ = {isa = PBXFileReference; lastKnownFileType = sourcecode.swift; path = ExportPopUp.swift; sourceTree = "<group>"; };
		AA9855D227E8D1E500EC4A22 /* Persistence.swift */ = {isa = PBXFileReference; fileEncoding = 4; lastKnownFileType = sourcecode.swift; path = Persistence.swift; sourceTree = "<group>"; };
		AA9855D427E8EB0300EC4A22 /* Round+CoreDataClass.swift */ = {isa = PBXFileReference; lastKnownFileType = sourcecode.swift; path = "Round+CoreDataClass.swift"; sourceTree = "<group>"; };
		AA9855D527E8EB0300EC4A22 /* Round+CoreDataProperties.swift */ = {isa = PBXFileReference; lastKnownFileType = sourcecode.swift; path = "Round+CoreDataProperties.swift"; sourceTree = "<group>"; };
		AA9855D627E8EB0300EC4A22 /* Game+CoreDataClass.swift */ = {isa = PBXFileReference; lastKnownFileType = sourcecode.swift; path = "Game+CoreDataClass.swift"; sourceTree = "<group>"; };
		AA9855D727E8EB0300EC4A22 /* Game+CoreDataProperties.swift */ = {isa = PBXFileReference; lastKnownFileType = sourcecode.swift; path = "Game+CoreDataProperties.swift"; sourceTree = "<group>"; };
		AA9855DC27E8F12E00EC4A22 /* DataController.swift */ = {isa = PBXFileReference; lastKnownFileType = sourcecode.swift; path = DataController.swift; sourceTree = "<group>"; };
		AAC5DC67287A0B3E0022A559 /* ActivityView.swift */ = {isa = PBXFileReference; lastKnownFileType = sourcecode.swift; path = ActivityView.swift; sourceTree = "<group>"; };
		AAD0C09F294CD83B0016F8C3 /* ArcheryWidgetExtension.appex */ = {isa = PBXFileReference; explicitFileType = "wrapper.app-extension"; includeInIndex = 0; path = ArcheryWidgetExtension.appex; sourceTree = BUILT_PRODUCTS_DIR; };
		AAD0C0A0294CD83B0016F8C3 /* WidgetKit.framework */ = {isa = PBXFileReference; lastKnownFileType = wrapper.framework; name = WidgetKit.framework; path = System/Library/Frameworks/WidgetKit.framework; sourceTree = SDKROOT; };
		AAD0C0A2294CD83B0016F8C3 /* SwiftUI.framework */ = {isa = PBXFileReference; lastKnownFileType = wrapper.framework; name = SwiftUI.framework; path = System/Library/Frameworks/SwiftUI.framework; sourceTree = SDKROOT; };
		AAD0C0A5294CD83B0016F8C3 /* ArcheryWidgetBundle.swift */ = {isa = PBXFileReference; lastKnownFileType = sourcecode.swift; path = ArcheryWidgetBundle.swift; sourceTree = "<group>"; };
		AAD0C0A7294CD83B0016F8C3 /* ArcheryWidgetLiveActivity.swift */ = {isa = PBXFileReference; lastKnownFileType = sourcecode.swift; path = ArcheryWidgetLiveActivity.swift; sourceTree = "<group>"; };
		AAD0C0A9294CD83B0016F8C3 /* ArcheryWidget.swift */ = {isa = PBXFileReference; lastKnownFileType = sourcecode.swift; path = ArcheryWidget.swift; sourceTree = "<group>"; };
		AAD0C0AB294CD83F0016F8C3 /* Assets.xcassets */ = {isa = PBXFileReference; lastKnownFileType = folder.assetcatalog; path = Assets.xcassets; sourceTree = "<group>"; };
		AAD0C0AD294CD83F0016F8C3 /* Info.plist */ = {isa = PBXFileReference; lastKnownFileType = text.plist.xml; path = Info.plist; sourceTree = "<group>"; };
		AAE0A13927E202700084B04B /* ListOfRecord.swift */ = {isa = PBXFileReference; lastKnownFileType = sourcecode.swift; path = ListOfRecord.swift; sourceTree = "<group>"; };
		AAE0A13F27E228CA0084B04B /* en */ = {isa = PBXFileReference; lastKnownFileType = text.plist.strings; name = en; path = en.lproj/Localizable.strings; sourceTree = "<group>"; };
		AAE0A14127E228F30084B04B /* zh-HK */ = {isa = PBXFileReference; lastKnownFileType = text.plist.strings; name = "zh-HK"; path = "zh-HK.lproj/Localizable.strings"; sourceTree = "<group>"; };
		AAE0A14227E232AE0084B04B /* AddView.swift */ = {isa = PBXFileReference; lastKnownFileType = sourcecode.swift; path = AddView.swift; sourceTree = "<group>"; };
		AAE2693927E1C00500483891 /* Archery Scorer.app */ = {isa = PBXFileReference; explicitFileType = wrapper.application; includeInIndex = 0; path = "Archery Scorer.app"; sourceTree = BUILT_PRODUCTS_DIR; };
		AAE2693C27E1C00500483891 /* Archery_ScorerApp.swift */ = {isa = PBXFileReference; lastKnownFileType = sourcecode.swift; path = Archery_ScorerApp.swift; sourceTree = "<group>"; };
		AAE2694027E1C00600483891 /* Assets.xcassets */ = {isa = PBXFileReference; lastKnownFileType = folder.assetcatalog; path = Assets.xcassets; sourceTree = "<group>"; };
		AAE2694327E1C00600483891 /* Preview Assets.xcassets */ = {isa = PBXFileReference; lastKnownFileType = folder.assetcatalog; path = "Preview Assets.xcassets"; sourceTree = "<group>"; };
		AAE2694827E1C00600483891 /* Archery_Scorer.xcdatamodel */ = {isa = PBXFileReference; lastKnownFileType = wrapper.xcdatamodel; path = Archery_Scorer.xcdatamodel; sourceTree = "<group>"; };
		AAE2695027E1C1E800483891 /* HomeView.swift */ = {isa = PBXFileReference; lastKnownFileType = sourcecode.swift; path = HomeView.swift; sourceTree = "<group>"; };
		AAE2695327E1C34600483891 /* BottomBar.swift */ = {isa = PBXFileReference; lastKnownFileType = sourcecode.swift; path = BottomBar.swift; sourceTree = "<group>"; };
		AAE2695527E1C97000483891 /* AppCalendar.swift */ = {isa = PBXFileReference; lastKnownFileType = sourcecode.swift; path = AppCalendar.swift; sourceTree = "<group>"; };
		AAEACE5F27E5D0C800B9A0B3 /* ContentView.swift */ = {isa = PBXFileReference; lastKnownFileType = sourcecode.swift; path = ContentView.swift; sourceTree = "<group>"; };
		AAEACE6127E71A8F00B9A0B3 /* ScoreBoard.swift */ = {isa = PBXFileReference; lastKnownFileType = sourcecode.swift; path = ScoreBoard.swift; sourceTree = "<group>"; };
		AAEACE6327E71CE500B9A0B3 /* ScoreBoard2.swift */ = {isa = PBXFileReference; lastKnownFileType = sourcecode.swift; path = ScoreBoard2.swift; sourceTree = "<group>"; };
		AAEACE6527E77E7200B9A0B3 /* ReviewRecordView.swift */ = {isa = PBXFileReference; lastKnownFileType = sourcecode.swift; path = ReviewRecordView.swift; sourceTree = "<group>"; };
		AAEEC8BD27EC8E070062DDBB /* BarChart.swift */ = {isa = PBXFileReference; lastKnownFileType = sourcecode.swift; path = BarChart.swift; sourceTree = "<group>"; };
		AAEEC8BF27EDCA410062DDBB /* LineChart.swift */ = {isa = PBXFileReference; lastKnownFileType = sourcecode.swift; path = LineChart.swift; sourceTree = "<group>"; };
		AAF87C7D2847E13900D24BC9 /* Archery Scorer.entitlements */ = {isa = PBXFileReference; lastKnownFileType = text.plist.entitlements; path = "Archery Scorer.entitlements"; sourceTree = "<group>"; };
/* End PBXFileReference section */

/* Begin PBXFrameworksBuildPhase section */
		AA3C166A28510BAB00ACAB96 /* Frameworks */ = {
			isa = PBXFrameworksBuildPhase;
			buildActionMask = 2147483647;
			files = (
			);
			runOnlyForDeploymentPostprocessing = 0;
		};
		AAD0C09C294CD83B0016F8C3 /* Frameworks */ = {
			isa = PBXFrameworksBuildPhase;
			buildActionMask = 2147483647;
			files = (
				AAD0C0A3294CD83B0016F8C3 /* SwiftUI.framework in Frameworks */,
				AAD0C0A1294CD83B0016F8C3 /* WidgetKit.framework in Frameworks */,
			);
			runOnlyForDeploymentPostprocessing = 0;
		};
		AAE2693627E1C00500483891 /* Frameworks */ = {
			isa = PBXFrameworksBuildPhase;
			buildActionMask = 2147483647;
			files = (
				AA08107528623BC7003B4EC9 /* CloudKit.framework in Frameworks */,
			);
			runOnlyForDeploymentPostprocessing = 0;
		};
/* End PBXFrameworksBuildPhase section */

/* Begin PBXGroup section */
		AA08107328623BC7003B4EC9 /* Frameworks */ = {
			isa = PBXGroup;
			children = (
				AA08107428623BC7003B4EC9 /* CloudKit.framework */,
				AAD0C0A0294CD83B0016F8C3 /* WidgetKit.framework */,
				AAD0C0A2294CD83B0016F8C3 /* SwiftUI.framework */,
			);
			name = Frameworks;
			sourceTree = "<group>";
		};
		AA3C166E28510BAB00ACAB96 /* Archery ScorerUITests */ = {
			isa = PBXGroup;
			children = (
				AA3C166F28510BAB00ACAB96 /* Archery_ScorerUITests.swift */,
				AA3C167128510BAB00ACAB96 /* Archery_ScorerUITestsLaunchTests.swift */,
			);
			path = "Archery ScorerUITests";
			sourceTree = "<group>";
		};
		AA9855B927E8B1E400EC4A22 /* CoreData */ = {
			isa = PBXGroup;
			children = (
				AA510E122875F32500803926 /* MappingModel.xcmappingmodel */,
				AAE2694727E1C00600483891 /* Archery_Scorer.xcdatamodeld */,
				AA9855D427E8EB0300EC4A22 /* Round+CoreDataClass.swift */,
				AA9855D527E8EB0300EC4A22 /* Round+CoreDataProperties.swift */,
				AA9855D627E8EB0300EC4A22 /* Game+CoreDataClass.swift */,
				AA9855D727E8EB0300EC4A22 /* Game+CoreDataProperties.swift */,
				AA9855DC27E8F12E00EC4A22 /* DataController.swift */,
				AA510DF22874621600803926 /* UUIDToStringUUIDPolicy.swift */,
			);
			path = CoreData;
			sourceTree = "<group>";
		};
		AAD0C0A4294CD83B0016F8C3 /* ArcheryWidget */ = {
			isa = PBXGroup;
			children = (
				AAD0C0A5294CD83B0016F8C3 /* ArcheryWidgetBundle.swift */,
				AAD0C0A7294CD83B0016F8C3 /* ArcheryWidgetLiveActivity.swift */,
				AAD0C0A9294CD83B0016F8C3 /* ArcheryWidget.swift */,
				AAD0C0AB294CD83F0016F8C3 /* Assets.xcassets */,
				AAD0C0AD294CD83F0016F8C3 /* Info.plist */,
			);
			path = ArcheryWidget;
			sourceTree = "<group>";
		};
		AAE2693027E1C00500483891 = {
			isa = PBXGroup;
			children = (
				AA510E082875956100803926 /* InfoPlist.strings */,
				AA510E022875948C00803926 /* Archery-Scorer-Info.plist */,
				AA9855B927E8B1E400EC4A22 /* CoreData */,
				AAE0A14027E228CA0084B04B /* Localizable.strings */,
				AAE2693B27E1C00500483891 /* Archery Scorer */,
				AA3C166E28510BAB00ACAB96 /* Archery ScorerUITests */,
				AAD0C0A4294CD83B0016F8C3 /* ArcheryWidget */,
				AAE2693A27E1C00500483891 /* Products */,
				AA08107328623BC7003B4EC9 /* Frameworks */,
			);
			sourceTree = "<group>";
		};
		AAE2693A27E1C00500483891 /* Products */ = {
			isa = PBXGroup;
			children = (
				AAE2693927E1C00500483891 /* Archery Scorer.app */,
				AA3C166D28510BAB00ACAB96 /* Archery ScorerUITests.xctest */,
				AAD0C09F294CD83B0016F8C3 /* ArcheryWidgetExtension.appex */,
			);
			name = Products;
			sourceTree = "<group>";
		};
		AAE2693B27E1C00500483891 /* Archery Scorer */ = {
			isa = PBXGroup;
			children = (
				AAF87C7D2847E13900D24BC9 /* Archery Scorer.entitlements */,
				AAE2694F27E1C18B00483891 /* Pages */,
				AAE2693C27E1C00500483891 /* Archery_ScorerApp.swift */,
				AAEACE5F27E5D0C800B9A0B3 /* ContentView.swift */,
				AA9855D227E8D1E500EC4A22 /* Persistence.swift */,
				AAE2694027E1C00600483891 /* Assets.xcassets */,
				AAE2694227E1C00600483891 /* Preview Content */,
				AA65E78527EB290D00347BB6 /* MyClassAndObject.swift */,
				AA0D55F628CE22200091D330 /* ReviewHandler.swift */,
			);
			path = "Archery Scorer";
			sourceTree = "<group>";
		};
		AAE2694227E1C00600483891 /* Preview Content */ = {
			isa = PBXGroup;
			children = (
				AAE2694327E1C00600483891 /* Preview Assets.xcassets */,
			);
			path = "Preview Content";
			sourceTree = "<group>";
		};
		AAE2694F27E1C18B00483891 /* Pages */ = {
			isa = PBXGroup;
			children = (
				AAE2695227E1C32300483891 /* Elements */,
				AAE2695027E1C1E800483891 /* HomeView.swift */,
				AA687B0A27F463AA00865805 /* StatisticsView.swift */,
				AAE0A14227E232AE0084B04B /* AddView.swift */,
				AA5BC22D27E329D700C268F3 /* RecordView.swift */,
				AAEACE6527E77E7200B9A0B3 /* ReviewRecordView.swift */,
				AA732DA928A00389006B7D4C /* WelcomeView.swift */,
			);
			path = Pages;
			sourceTree = "<group>";
		};
		AAE2695227E1C32300483891 /* Elements */ = {
			isa = PBXGroup;
			children = (
				AAE2695327E1C34600483891 /* BottomBar.swift */,
				AAE2695527E1C97000483891 /* AppCalendar.swift */,
				AAE0A13927E202700084B04B /* ListOfRecord.swift */,
				AA5BC22F27E3A6B400C268F3 /* TargetBoard.swift */,
				AAEACE6127E71A8F00B9A0B3 /* ScoreBoard.swift */,
				AAEACE6327E71CE500B9A0B3 /* ScoreBoard2.swift */,
				AAEEC8BD27EC8E070062DDBB /* BarChart.swift */,
				AAEEC8BF27EDCA410062DDBB /* LineChart.swift */,
				AA2C24A0281E74510071AB2A /* ChartCombine.swift */,
				AA2C24A2281E9D520071AB2A /* FilterBar.swift */,
				AA96D44D2879F0B9007BE443 /* ExportPopUp.swift */,
				AAC5DC67287A0B3E0022A559 /* ActivityView.swift */,
			);
			path = Elements;
			sourceTree = "<group>";
		};
/* End PBXGroup section */

/* Begin PBXNativeTarget section */
		AA3C166C28510BAB00ACAB96 /* Archery ScorerUITests */ = {
			isa = PBXNativeTarget;
			buildConfigurationList = AA3C167728510BAB00ACAB96 /* Build configuration list for PBXNativeTarget "Archery ScorerUITests" */;
			buildPhases = (
				AA3C166928510BAB00ACAB96 /* Sources */,
				AA3C166A28510BAB00ACAB96 /* Frameworks */,
				AA3C166B28510BAB00ACAB96 /* Resources */,
			);
			buildRules = (
			);
			dependencies = (
				AA3C167428510BAB00ACAB96 /* PBXTargetDependency */,
			);
			name = "Archery ScorerUITests";
			productName = "Archery ScorerUITests";
			productReference = AA3C166D28510BAB00ACAB96 /* Archery ScorerUITests.xctest */;
			productType = "com.apple.product-type.bundle.ui-testing";
		};
		AAD0C09E294CD83B0016F8C3 /* ArcheryWidgetExtension */ = {
			isa = PBXNativeTarget;
			buildConfigurationList = AAD0C0B4294CD83F0016F8C3 /* Build configuration list for PBXNativeTarget "ArcheryWidgetExtension" */;
			buildPhases = (
				AAD0C09B294CD83B0016F8C3 /* Sources */,
				AAD0C09C294CD83B0016F8C3 /* Frameworks */,
				AAD0C09D294CD83B0016F8C3 /* Resources */,
			);
			buildRules = (
			);
			dependencies = (
			);
			name = ArcheryWidgetExtension;
			productName = ArcheryWidgetExtension;
			productReference = AAD0C09F294CD83B0016F8C3 /* ArcheryWidgetExtension.appex */;
			productType = "com.apple.product-type.app-extension";
		};
		AAE2693827E1C00500483891 /* Archery Scorer */ = {
			isa = PBXNativeTarget;
			buildConfigurationList = AAE2694C27E1C00600483891 /* Build configuration list for PBXNativeTarget "Archery Scorer" */;
			buildPhases = (
				AAE2693527E1C00500483891 /* Sources */,
				AAE2693627E1C00500483891 /* Frameworks */,
				AAE2693727E1C00500483891 /* Resources */,
				AAD0C0B1294CD83F0016F8C3 /* Embed Foundation Extensions */,
			);
			buildRules = (
			);
			dependencies = (
				AAD0C0AF294CD83F0016F8C3 /* PBXTargetDependency */,
			);
			name = "Archery Scorer";
			productName = "Archery Scorer";
			productReference = AAE2693927E1C00500483891 /* Archery Scorer.app */;
			productType = "com.apple.product-type.application";
		};
/* End PBXNativeTarget section */

/* Begin PBXProject section */
		AAE2693127E1C00500483891 /* Project object */ = {
			isa = PBXProject;
			attributes = {
				BuildIndependentTargetsInParallel = 1;
				LastSwiftUpdateCheck = 1420;
				LastUpgradeCheck = 1330;
				TargetAttributes = {
					AA3C166C28510BAB00ACAB96 = {
						CreatedOnToolsVersion = 13.4.1;
						TestTargetID = AAE2693827E1C00500483891;
					};
					AAD0C09E294CD83B0016F8C3 = {
						CreatedOnToolsVersion = 14.2;
					};
					AAE2693827E1C00500483891 = {
						CreatedOnToolsVersion = 13.3;
					};
				};
			};
			buildConfigurationList = AAE2693427E1C00500483891 /* Build configuration list for PBXProject "Archery Scorer" */;
			compatibilityVersion = "Xcode 13.0";
			developmentRegion = en;
			hasScannedForEncodings = 0;
			knownRegions = (
				en,
				Base,
				"zh-HK",
			);
			mainGroup = AAE2693027E1C00500483891;
			productRefGroup = AAE2693A27E1C00500483891 /* Products */;
			projectDirPath = "";
			projectRoot = "";
			targets = (
				AAE2693827E1C00500483891 /* Archery Scorer */,
				AA3C166C28510BAB00ACAB96 /* Archery ScorerUITests */,
				AAD0C09E294CD83B0016F8C3 /* ArcheryWidgetExtension */,
			);
		};
/* End PBXProject section */

/* Begin PBXResourcesBuildPhase section */
		AA3C166B28510BAB00ACAB96 /* Resources */ = {
			isa = PBXResourcesBuildPhase;
			buildActionMask = 2147483647;
			files = (
			);
			runOnlyForDeploymentPostprocessing = 0;
		};
		AAD0C09D294CD83B0016F8C3 /* Resources */ = {
			isa = PBXResourcesBuildPhase;
			buildActionMask = 2147483647;
			files = (
				AA00F007294D52EA00049EC0 /* Assets.xcassets in Resources */,
				AAE32C742950BBC800855104 /* Localizable.strings in Resources */,
				AAD0C0AC294CD83F0016F8C3 /* Assets.xcassets in Resources */,
			);
			runOnlyForDeploymentPostprocessing = 0;
		};
		AAE2693727E1C00500483891 /* Resources */ = {
			isa = PBXResourcesBuildPhase;
			buildActionMask = 2147483647;
			files = (
				AAE2694427E1C00600483891 /* Preview Assets.xcassets in Resources */,
				AA510E062875956100803926 /* InfoPlist.strings in Resources */,
				AAE0A13E27E228CA0084B04B /* Localizable.strings in Resources */,
				AAE2694127E1C00600483891 /* Assets.xcassets in Resources */,
			);
			runOnlyForDeploymentPostprocessing = 0;
		};
/* End PBXResourcesBuildPhase section */

/* Begin PBXSourcesBuildPhase section */
		AA3C166928510BAB00ACAB96 /* Sources */ = {
			isa = PBXSourcesBuildPhase;
			buildActionMask = 2147483647;
			files = (
				AA3C167028510BAB00ACAB96 /* Archery_ScorerUITests.swift in Sources */,
				AA3C167228510BAB00ACAB96 /* Archery_ScorerUITestsLaunchTests.swift in Sources */,
			);
			runOnlyForDeploymentPostprocessing = 0;
		};
		AAD0C09B294CD83B0016F8C3 /* Sources */ = {
			isa = PBXSourcesBuildPhase;
			buildActionMask = 2147483647;
			files = (
				AAD0C0AA294CD83B0016F8C3 /* ArcheryWidget.swift in Sources */,
				AAD0C0A6294CD83B0016F8C3 /* ArcheryWidgetBundle.swift in Sources */,
				AAE32C752950BD5B00855104 /* ArcheryWidgetLiveActivity.swift in Sources */,
			);
			runOnlyForDeploymentPostprocessing = 0;
		};
		AAE2693527E1C00500483891 /* Sources */ = {
			isa = PBXSourcesBuildPhase;
			buildActionMask = 2147483647;
			files = (
				AA5BC23027E3A6B400C268F3 /* TargetBoard.swift in Sources */,
				AA510DF32874621600803926 /* UUIDToStringUUIDPolicy.swift in Sources */,
				AA96D44E2879F0B9007BE443 /* ExportPopUp.swift in Sources */,
				AAE0A14327E232AE0084B04B /* AddView.swift in Sources */,
				AA687B0B27F463AA00865805 /* StatisticsView.swift in Sources */,
				AAEACE6427E71CE500B9A0B3 /* ScoreBoard2.swift in Sources */,
				AA2C24A1281E74510071AB2A /* ChartCombine.swift in Sources */,
				AA9855D827E8EB0300EC4A22 /* Round+CoreDataClass.swift in Sources */,
				AA2C24A3281E9D520071AB2A /* FilterBar.swift in Sources */,
				AAE32C762950BD7F00855104 /* ArcheryWidgetLiveActivity.swift in Sources */,
				AAEEC8C027EDCA410062DDBB /* LineChart.swift in Sources */,
				AA5BC22E27E329D700C268F3 /* RecordView.swift in Sources */,
				AA510E132875F32500803926 /* MappingModel.xcmappingmodel in Sources */,
				AAE2695427E1C34600483891 /* BottomBar.swift in Sources */,
				AA65E78627EB290D00347BB6 /* MyClassAndObject.swift in Sources */,
				AA732DAA28A00389006B7D4C /* WelcomeView.swift in Sources */,
				AAE2694927E1C00600483891 /* Archery_Scorer.xcdatamodeld in Sources */,
				AAEACE6227E71A8F00B9A0B3 /* ScoreBoard.swift in Sources */,
				AAE2695127E1C1E800483891 /* HomeView.swift in Sources */,
				AAC5DC68287A0B3E0022A559 /* ActivityView.swift in Sources */,
				AA9855DA27E8EB0300EC4A22 /* Game+CoreDataClass.swift in Sources */,
				AA9855DD27E8F12E00EC4A22 /* DataController.swift in Sources */,
				AA9855D327E8D1E500EC4A22 /* Persistence.swift in Sources */,
				AAE0A13A27E202700084B04B /* ListOfRecord.swift in Sources */,
				AAEACE6027E5D0C800B9A0B3 /* ContentView.swift in Sources */,
				AA9855D927E8EB0300EC4A22 /* Round+CoreDataProperties.swift in Sources */,
				AA0D55F728CE22200091D330 /* ReviewHandler.swift in Sources */,
				AAEACE6627E77E7200B9A0B3 /* ReviewRecordView.swift in Sources */,
				AAE2693D27E1C00500483891 /* Archery_ScorerApp.swift in Sources */,
				AAE2695627E1C97000483891 /* AppCalendar.swift in Sources */,
				AAEEC8BE27EC8E070062DDBB /* BarChart.swift in Sources */,
				AA9855DB27E8EB0300EC4A22 /* Game+CoreDataProperties.swift in Sources */,
			);
			runOnlyForDeploymentPostprocessing = 0;
		};
/* End PBXSourcesBuildPhase section */

/* Begin PBXTargetDependency section */
		AA3C167428510BAB00ACAB96 /* PBXTargetDependency */ = {
			isa = PBXTargetDependency;
			target = AAE2693827E1C00500483891 /* Archery Scorer */;
			targetProxy = AA3C167328510BAB00ACAB96 /* PBXContainerItemProxy */;
		};
		AAD0C0AF294CD83F0016F8C3 /* PBXTargetDependency */ = {
			isa = PBXTargetDependency;
			target = AAD0C09E294CD83B0016F8C3 /* ArcheryWidgetExtension */;
			targetProxy = AAD0C0AE294CD83F0016F8C3 /* PBXContainerItemProxy */;
		};
/* End PBXTargetDependency section */

/* Begin PBXVariantGroup section */
		AA510E082875956100803926 /* InfoPlist.strings */ = {
			isa = PBXVariantGroup;
			children = (
				AA510E072875956100803926 /* en */,
				AA510E092875956200803926 /* zh-HK */,
			);
			name = InfoPlist.strings;
			sourceTree = "<group>";
		};
		AAE0A14027E228CA0084B04B /* Localizable.strings */ = {
			isa = PBXVariantGroup;
			children = (
				AAE0A13F27E228CA0084B04B /* en */,
				AAE0A14127E228F30084B04B /* zh-HK */,
			);
			name = Localizable.strings;
			sourceTree = "<group>";
		};
/* End PBXVariantGroup section */

/* Begin XCBuildConfiguration section */
		AA3C167528510BAB00ACAB96 /* Debug */ = {
			isa = XCBuildConfiguration;
			buildSettings = {
				CODE_SIGN_STYLE = Automatic;
				CURRENT_PROJECT_VERSION = 1;
				DEVELOPMENT_TEAM = 447H88N27M;
				GENERATE_INFOPLIST_FILE = YES;
				IPHONEOS_DEPLOYMENT_TARGET = 15.5;
				MARKETING_VERSION = 1.0;
				PRODUCT_BUNDLE_IDENTIFIER = "elvis.Archery-ScorerUITests";
				PRODUCT_NAME = "$(TARGET_NAME)";
				SWIFT_EMIT_LOC_STRINGS = NO;
				SWIFT_VERSION = 5.0;
				TARGETED_DEVICE_FAMILY = "1,2";
				TEST_TARGET_NAME = "Archery Scorer";
			};
			name = Debug;
		};
		AA3C167628510BAB00ACAB96 /* Release */ = {
			isa = XCBuildConfiguration;
			buildSettings = {
				CODE_SIGN_STYLE = Automatic;
				CURRENT_PROJECT_VERSION = 1;
				DEVELOPMENT_TEAM = 447H88N27M;
				GENERATE_INFOPLIST_FILE = YES;
				IPHONEOS_DEPLOYMENT_TARGET = 15.5;
				MARKETING_VERSION = 1.0;
				PRODUCT_BUNDLE_IDENTIFIER = "elvis.Archery-ScorerUITests";
				PRODUCT_NAME = "$(TARGET_NAME)";
				SWIFT_EMIT_LOC_STRINGS = NO;
				SWIFT_VERSION = 5.0;
				TARGETED_DEVICE_FAMILY = "1,2";
				TEST_TARGET_NAME = "Archery Scorer";
			};
			name = Release;
		};
		AAD0C0B2294CD83F0016F8C3 /* Debug */ = {
			isa = XCBuildConfiguration;
			buildSettings = {
				ASSETCATALOG_COMPILER_GLOBAL_ACCENT_COLOR_NAME = AccentColor;
				ASSETCATALOG_COMPILER_WIDGET_BACKGROUND_COLOR_NAME = WidgetBackground;
				CLANG_CXX_LANGUAGE_STANDARD = "gnu++20";
				CODE_SIGN_IDENTITY = "Apple Development";
				CODE_SIGN_STYLE = Automatic;
				CURRENT_PROJECT_VERSION = 1;
				DEVELOPMENT_TEAM = 447H88N27M;
				GENERATE_INFOPLIST_FILE = YES;
				INFOPLIST_FILE = ArcheryWidget/Info.plist;
				INFOPLIST_KEY_CFBundleDisplayName = ArcheryWidget;
				INFOPLIST_KEY_NSHumanReadableCopyright = "";
				INFOPLIST_KEY_UISupportedInterfaceOrientations_iPhone = "";
				IPHONEOS_DEPLOYMENT_TARGET = 16.2;
				LD_RUNPATH_SEARCH_PATHS = (
					"$(inherited)",
					"@executable_path/Frameworks",
					"@executable_path/../../Frameworks",
				);
				MARKETING_VERSION = 1.9;
				PRODUCT_BUNDLE_IDENTIFIER = "elvis.Archery-Scorer.ArcheryWidget";
				PRODUCT_NAME = "$(TARGET_NAME)";
				SKIP_INSTALL = YES;
				SWIFT_EMIT_LOC_STRINGS = YES;
				SWIFT_VERSION = 5.0;
				TARGETED_DEVICE_FAMILY = "1,2";
			};
			name = Debug;
		};
		AAD0C0B3294CD83F0016F8C3 /* Release */ = {
			isa = XCBuildConfiguration;
			buildSettings = {
				ASSETCATALOG_COMPILER_GLOBAL_ACCENT_COLOR_NAME = AccentColor;
				ASSETCATALOG_COMPILER_WIDGET_BACKGROUND_COLOR_NAME = WidgetBackground;
				CLANG_CXX_LANGUAGE_STANDARD = "gnu++20";
				CODE_SIGN_IDENTITY = "Apple Development";
				CODE_SIGN_STYLE = Automatic;
				CURRENT_PROJECT_VERSION = 1;
				DEVELOPMENT_TEAM = 447H88N27M;
				GENERATE_INFOPLIST_FILE = YES;
				INFOPLIST_FILE = ArcheryWidget/Info.plist;
				INFOPLIST_KEY_CFBundleDisplayName = ArcheryWidget;
				INFOPLIST_KEY_NSHumanReadableCopyright = "";
				INFOPLIST_KEY_UISupportedInterfaceOrientations_iPhone = "";
				IPHONEOS_DEPLOYMENT_TARGET = 16.2;
				LD_RUNPATH_SEARCH_PATHS = (
					"$(inherited)",
					"@executable_path/Frameworks",
					"@executable_path/../../Frameworks",
				);
				MARKETING_VERSION = 1.9;
				PRODUCT_BUNDLE_IDENTIFIER = "elvis.Archery-Scorer.ArcheryWidget";
				PRODUCT_NAME = "$(TARGET_NAME)";
				SKIP_INSTALL = YES;
				SWIFT_EMIT_LOC_STRINGS = YES;
				SWIFT_VERSION = 5.0;
				TARGETED_DEVICE_FAMILY = "1,2";
			};
			name = Release;
		};
		AAE2694A27E1C00600483891 /* Debug */ = {
			isa = XCBuildConfiguration;
			buildSettings = {
				ALWAYS_SEARCH_USER_PATHS = NO;
				CLANG_ANALYZER_LOCALIZABILITY_NONLOCALIZED = YES;
				CLANG_ANALYZER_NONNULL = YES;
				CLANG_ANALYZER_NUMBER_OBJECT_CONVERSION = YES_AGGRESSIVE;
				CLANG_CXX_LANGUAGE_STANDARD = "gnu++17";
				CLANG_ENABLE_MODULES = YES;
				CLANG_ENABLE_OBJC_ARC = YES;
				CLANG_ENABLE_OBJC_WEAK = YES;
				CLANG_WARN_BLOCK_CAPTURE_AUTORELEASING = YES;
				CLANG_WARN_BOOL_CONVERSION = YES;
				CLANG_WARN_COMMA = YES;
				CLANG_WARN_CONSTANT_CONVERSION = YES;
				CLANG_WARN_DEPRECATED_OBJC_IMPLEMENTATIONS = YES;
				CLANG_WARN_DIRECT_OBJC_ISA_USAGE = YES_ERROR;
				CLANG_WARN_DOCUMENTATION_COMMENTS = YES;
				CLANG_WARN_EMPTY_BODY = YES;
				CLANG_WARN_ENUM_CONVERSION = YES;
				CLANG_WARN_INFINITE_RECURSION = YES;
				CLANG_WARN_INT_CONVERSION = YES;
				CLANG_WARN_NON_LITERAL_NULL_CONVERSION = YES;
				CLANG_WARN_OBJC_IMPLICIT_RETAIN_SELF = YES;
				CLANG_WARN_OBJC_LITERAL_CONVERSION = YES;
				CLANG_WARN_OBJC_ROOT_CLASS = YES_ERROR;
				CLANG_WARN_QUOTED_INCLUDE_IN_FRAMEWORK_HEADER = YES;
				CLANG_WARN_RANGE_LOOP_ANALYSIS = YES;
				CLANG_WARN_STRICT_PROTOTYPES = YES;
				CLANG_WARN_SUSPICIOUS_MOVE = YES;
				CLANG_WARN_UNGUARDED_AVAILABILITY = YES_AGGRESSIVE;
				CLANG_WARN_UNREACHABLE_CODE = YES;
				CLANG_WARN__DUPLICATE_METHOD_MATCH = YES;
				COPY_PHASE_STRIP = NO;
				DEBUG_INFORMATION_FORMAT = dwarf;
				ENABLE_STRICT_OBJC_MSGSEND = YES;
				ENABLE_TESTABILITY = YES;
				GCC_C_LANGUAGE_STANDARD = gnu11;
				GCC_DYNAMIC_NO_PIC = NO;
				GCC_NO_COMMON_BLOCKS = YES;
				GCC_OPTIMIZATION_LEVEL = 0;
				GCC_PREPROCESSOR_DEFINITIONS = (
					"DEBUG=1",
					"$(inherited)",
				);
				GCC_WARN_64_TO_32_BIT_CONVERSION = YES;
				GCC_WARN_ABOUT_RETURN_TYPE = YES_ERROR;
				GCC_WARN_UNDECLARED_SELECTOR = YES;
				GCC_WARN_UNINITIALIZED_AUTOS = YES_AGGRESSIVE;
				GCC_WARN_UNUSED_FUNCTION = YES;
				GCC_WARN_UNUSED_VARIABLE = YES;
				INFOPLIST_KEY_UISupportedInterfaceOrientations_iPhone = "";
				MTL_ENABLE_DEBUG_INFO = INCLUDE_SOURCE;
				MTL_FAST_MATH = YES;
				ONLY_ACTIVE_ARCH = YES;
				SDKROOT = iphoneos;
				SWIFT_ACTIVE_COMPILATION_CONDITIONS = DEBUG;
				SWIFT_OPTIMIZATION_LEVEL = "-Onone";
			};
			name = Debug;
		};
		AAE2694B27E1C00600483891 /* Release */ = {
			isa = XCBuildConfiguration;
			buildSettings = {
				ALWAYS_SEARCH_USER_PATHS = NO;
				CLANG_ANALYZER_LOCALIZABILITY_NONLOCALIZED = YES;
				CLANG_ANALYZER_NONNULL = YES;
				CLANG_ANALYZER_NUMBER_OBJECT_CONVERSION = YES_AGGRESSIVE;
				CLANG_CXX_LANGUAGE_STANDARD = "gnu++17";
				CLANG_ENABLE_MODULES = YES;
				CLANG_ENABLE_OBJC_ARC = YES;
				CLANG_ENABLE_OBJC_WEAK = YES;
				CLANG_WARN_BLOCK_CAPTURE_AUTORELEASING = YES;
				CLANG_WARN_BOOL_CONVERSION = YES;
				CLANG_WARN_COMMA = YES;
				CLANG_WARN_CONSTANT_CONVERSION = YES;
				CLANG_WARN_DEPRECATED_OBJC_IMPLEMENTATIONS = YES;
				CLANG_WARN_DIRECT_OBJC_ISA_USAGE = YES_ERROR;
				CLANG_WARN_DOCUMENTATION_COMMENTS = YES;
				CLANG_WARN_EMPTY_BODY = YES;
				CLANG_WARN_ENUM_CONVERSION = YES;
				CLANG_WARN_INFINITE_RECURSION = YES;
				CLANG_WARN_INT_CONVERSION = YES;
				CLANG_WARN_NON_LITERAL_NULL_CONVERSION = YES;
				CLANG_WARN_OBJC_IMPLICIT_RETAIN_SELF = YES;
				CLANG_WARN_OBJC_LITERAL_CONVERSION = YES;
				CLANG_WARN_OBJC_ROOT_CLASS = YES_ERROR;
				CLANG_WARN_QUOTED_INCLUDE_IN_FRAMEWORK_HEADER = YES;
				CLANG_WARN_RANGE_LOOP_ANALYSIS = YES;
				CLANG_WARN_STRICT_PROTOTYPES = YES;
				CLANG_WARN_SUSPICIOUS_MOVE = YES;
				CLANG_WARN_UNGUARDED_AVAILABILITY = YES_AGGRESSIVE;
				CLANG_WARN_UNREACHABLE_CODE = YES;
				CLANG_WARN__DUPLICATE_METHOD_MATCH = YES;
				COPY_PHASE_STRIP = NO;
				DEBUG_INFORMATION_FORMAT = "dwarf-with-dsym";
				ENABLE_NS_ASSERTIONS = NO;
				ENABLE_STRICT_OBJC_MSGSEND = YES;
				GCC_C_LANGUAGE_STANDARD = gnu11;
				GCC_NO_COMMON_BLOCKS = YES;
				GCC_WARN_64_TO_32_BIT_CONVERSION = YES;
				GCC_WARN_ABOUT_RETURN_TYPE = YES_ERROR;
				GCC_WARN_UNDECLARED_SELECTOR = YES;
				GCC_WARN_UNINITIALIZED_AUTOS = YES_AGGRESSIVE;
				GCC_WARN_UNUSED_FUNCTION = YES;
				GCC_WARN_UNUSED_VARIABLE = YES;
				INFOPLIST_KEY_UISupportedInterfaceOrientations_iPhone = "";
				MTL_ENABLE_DEBUG_INFO = NO;
				MTL_FAST_MATH = YES;
				SDKROOT = iphoneos;
				SWIFT_COMPILATION_MODE = wholemodule;
				SWIFT_OPTIMIZATION_LEVEL = "-O";
				VALIDATE_PRODUCT = YES;
			};
			name = Release;
		};
		AAE2694D27E1C00600483891 /* Debug */ = {
			isa = XCBuildConfiguration;
			buildSettings = {
				ALWAYS_EMBED_SWIFT_STANDARD_LIBRARIES = YES;
				ASSETCATALOG_COMPILER_APPICON_NAME = AppIcon;
				ASSETCATALOG_COMPILER_GLOBAL_ACCENT_COLOR_NAME = AccentColor;
				CODE_SIGN_ENTITLEMENTS = "Archery Scorer/Archery Scorer.entitlements";
				CODE_SIGN_IDENTITY = "Apple Development";
				CODE_SIGN_STYLE = Automatic;
				CURRENT_PROJECT_VERSION = 1;
				DEVELOPMENT_ASSET_PATHS = "\"Archery Scorer/Preview Content\"";
				DEVELOPMENT_TEAM = 447H88N27M;
				ENABLE_PREVIEWS = YES;
				GENERATE_INFOPLIST_FILE = YES;
				INFOPLIST_FILE = "Archery-Scorer-Info.plist";
				INFOPLIST_KEY_CFBundleDisplayName = "Archery Marker";
				INFOPLIST_KEY_LSApplicationCategoryType = "public.app-category.sports";
				INFOPLIST_KEY_NSPhotoLibraryAddUsageDescription = "Archery Marker needs permission to write photos on your device";
				INFOPLIST_KEY_NSSupportsLiveActivities = YES;
				INFOPLIST_KEY_UIApplicationSceneManifest_Generation = YES;
				INFOPLIST_KEY_UIApplicationSupportsIndirectInputEvents = YES;
				INFOPLIST_KEY_UILaunchScreen_Generation = YES;
				INFOPLIST_KEY_UIRequiresFullScreen = YES;
				INFOPLIST_KEY_UISupportedInterfaceOrientations = UIInterfaceOrientationPortrait;
				INFOPLIST_KEY_UISupportedInterfaceOrientations_iPad = UIInterfaceOrientationPortrait;
				INFOPLIST_KEY_UISupportedInterfaceOrientations_iPhone = UIInterfaceOrientationPortrait;
				IPHONEOS_DEPLOYMENT_TARGET = 15.2;
				LD_RUNPATH_SEARCH_PATHS = (
					"$(inherited)",
					"@executable_path/Frameworks",
				);
				MARKETING_VERSION = 1.9;
				PRODUCT_BUNDLE_IDENTIFIER = "elvis.Archery-Scorer";
				PRODUCT_NAME = "$(TARGET_NAME)";
				PROVISIONING_PROFILE_SPECIFIER = "";
				SUPPORTED_PLATFORMS = "iphoneos iphonesimulator";
				SUPPORTS_MACCATALYST = NO;
				SUPPORTS_MAC_DESIGNED_FOR_IPHONE_IPAD = NO;
				SWIFT_EMIT_LOC_STRINGS = YES;
				SWIFT_VERSION = 5.0;
				TARGETED_DEVICE_FAMILY = "1,2";
			};
			name = Debug;
		};
		AAE2694E27E1C00600483891 /* Release */ = {
			isa = XCBuildConfiguration;
			buildSettings = {
				ALWAYS_EMBED_SWIFT_STANDARD_LIBRARIES = YES;
				ASSETCATALOG_COMPILER_APPICON_NAME = AppIcon;
				ASSETCATALOG_COMPILER_GLOBAL_ACCENT_COLOR_NAME = AccentColor;
				CODE_SIGN_ENTITLEMENTS = "Archery Scorer/Archery Scorer.entitlements";
				CODE_SIGN_IDENTITY = "Apple Development";
				CODE_SIGN_STYLE = Automatic;
				CURRENT_PROJECT_VERSION = 1;
				DEVELOPMENT_ASSET_PATHS = "\"Archery Scorer/Preview Content\"";
				DEVELOPMENT_TEAM = 447H88N27M;
				ENABLE_PREVIEWS = YES;
				GENERATE_INFOPLIST_FILE = YES;
				INFOPLIST_FILE = "Archery-Scorer-Info.plist";
				INFOPLIST_KEY_CFBundleDisplayName = "Archery Marker";
				INFOPLIST_KEY_LSApplicationCategoryType = "public.app-category.sports";
				INFOPLIST_KEY_NSPhotoLibraryAddUsageDescription = "Archery Marker needs permission to write photos on your device";
				INFOPLIST_KEY_NSSupportsLiveActivities = YES;
				INFOPLIST_KEY_UIApplicationSceneManifest_Generation = YES;
				INFOPLIST_KEY_UIApplicationSupportsIndirectInputEvents = YES;
				INFOPLIST_KEY_UILaunchScreen_Generation = YES;
				INFOPLIST_KEY_UIRequiresFullScreen = YES;
				INFOPLIST_KEY_UISupportedInterfaceOrientations = UIInterfaceOrientationPortrait;
				INFOPLIST_KEY_UISupportedInterfaceOrientations_iPad = UIInterfaceOrientationPortrait;
				INFOPLIST_KEY_UISupportedInterfaceOrientations_iPhone = UIInterfaceOrientationPortrait;
				IPHONEOS_DEPLOYMENT_TARGET = 15.2;
				LD_RUNPATH_SEARCH_PATHS = (
					"$(inherited)",
					"@executable_path/Frameworks",
				);
				MARKETING_VERSION = 1.9;
				PRODUCT_BUNDLE_IDENTIFIER = "elvis.Archery-Scorer";
				PRODUCT_NAME = "$(TARGET_NAME)";
				PROVISIONING_PROFILE_SPECIFIER = "";
				SUPPORTED_PLATFORMS = "iphoneos iphonesimulator";
				SUPPORTS_MACCATALYST = NO;
				SUPPORTS_MAC_DESIGNED_FOR_IPHONE_IPAD = NO;
				SWIFT_EMIT_LOC_STRINGS = YES;
				SWIFT_VERSION = 5.0;
				TARGETED_DEVICE_FAMILY = "1,2";
			};
			name = Release;
		};
/* End XCBuildConfiguration section */

/* Begin XCConfigurationList section */
		AA3C167728510BAB00ACAB96 /* Build configuration list for PBXNativeTarget "Archery ScorerUITests" */ = {
			isa = XCConfigurationList;
			buildConfigurations = (
				AA3C167528510BAB00ACAB96 /* Debug */,
				AA3C167628510BAB00ACAB96 /* Release */,
			);
			defaultConfigurationIsVisible = 0;
			defaultConfigurationName = Release;
		};
		AAD0C0B4294CD83F0016F8C3 /* Build configuration list for PBXNativeTarget "ArcheryWidgetExtension" */ = {
			isa = XCConfigurationList;
			buildConfigurations = (
				AAD0C0B2294CD83F0016F8C3 /* Debug */,
				AAD0C0B3294CD83F0016F8C3 /* Release */,
			);
			defaultConfigurationIsVisible = 0;
			defaultConfigurationName = Release;
		};
		AAE2693427E1C00500483891 /* Build configuration list for PBXProject "Archery Scorer" */ = {
			isa = XCConfigurationList;
			buildConfigurations = (
				AAE2694A27E1C00600483891 /* Debug */,
				AAE2694B27E1C00600483891 /* Release */,
			);
			defaultConfigurationIsVisible = 0;
			defaultConfigurationName = Release;
		};
		AAE2694C27E1C00600483891 /* Build configuration list for PBXNativeTarget "Archery Scorer" */ = {
			isa = XCConfigurationList;
			buildConfigurations = (
				AAE2694D27E1C00600483891 /* Debug */,
				AAE2694E27E1C00600483891 /* Release */,
			);
			defaultConfigurationIsVisible = 0;
			defaultConfigurationName = Release;
		};
/* End XCConfigurationList section */

/* Begin XCVersionGroup section */
		AAE2694727E1C00600483891 /* Archery_Scorer.xcdatamodeld */ = {
			isa = XCVersionGroup;
			children = (
				AA510DEF2874426500803926 /* Archery_Scorer 2.xcdatamodel */,
				AAE2694827E1C00600483891 /* Archery_Scorer.xcdatamodel */,
			);
			currentVersion = AA510DEF2874426500803926 /* Archery_Scorer 2.xcdatamodel */;
			path = Archery_Scorer.xcdatamodeld;
			sourceTree = "<group>";
			versionGroupType = wrapper.xcdatamodel;
		};
/* End XCVersionGroup section */
	};
	rootObject = AAE2693127E1C00500483891 /* Project object */;
}
